
Microsoft Visual Studio Solution File, Format Version 12.00
# Visual Studio Version 16
VisualStudioVersion = 16.0.33328.57
MinimumVisualStudioVersion = 10.0.40219.1
Project("{FAE04EC0-301F-11D3-BF4B-00C04F79EFBC}") = "SitecoreBlog", "SitecoreBlog\SitecoreBlog.csproj", "{B6BF26C3-C01C-451B-8B92-2D5E5FC08C4C}"
EndProject
Global
	GlobalSection(SolutionConfigurationPlatforms) = preSolution
		Debug|Any CPU = Debug|Any CPU
		Release|Any CPU = Release|Any CPU
	EndGlobalSection
	GlobalSection(ProjectConfigurationPlatforms) = postSolution
		{B6BF26C3-C01C-451B-8B92-2D5E5FC08C4C}.Debug|Any CPU.ActiveCfg = Debug|Any CPU
		{B6BF26C3-C01C-451B-8B92-2D5E5FC08C4C}.Debug|Any CPU.Build.0 = Debug|Any CPU
		{B6BF26C3-C01C-451B-8B92-2D5E5FC08C4C}.Release|Any CPU.ActiveCfg = Release|Any CPU
		{B6BF26C3-C01C-451B-8B92-2D5E5FC08C4C}.Release|Any CPU.Build.0 = Release|Any CPU
	EndGlobalSection
	GlobalSection(SolutionProperties) = preSolution
		HideSolutionNode = FALSE
	EndGlobalSection
	GlobalSection(ExtensibilityGlobals) = postSolution
		SolutionGuid = {E1171FB5-B561-48E0-8CCD-6D1701A4C37C}
	EndGlobalSection
EndGlobal
